
Microsoft Visual Studio Solution File, Format Version 12.00
# Visual Studio Version 17
VisualStudioVersion = 17.12.35527.113 d17.12
MinimumVisualStudioVersion = 10.0.40219.1
Project("{FAE04EC0-301F-11D3-BF4B-00C04F79EFBC}") = "EmployeeManagment", "EmployeeManagment\EmployeeManagment.csproj", "{CA37DDE1-819F-4249-8D11-A0895E5E4A46}"
EndProject
Project("{E53339B2-1760-4266-BCC7-CA923CBCF16C}") = "docker-compose", "docker-compose.dcproj", "{136EA257-A8C7-4D02-86A4-4E4EBC20878E}"
EndProject
Global
	GlobalSection(SolutionConfigurationPlatforms) = preSolution
		Debug|Any CPU = Debug|Any CPU
		Release|Any CPU = Release|Any CPU
	EndGlobalSection
	GlobalSection(ProjectConfigurationPlatforms) = postSolution
		{CA37DDE1-819F-4249-8D11-A0895E5E4A46}.Debug|Any CPU.ActiveCfg = Debug|Any CPU
		{CA37DDE1-819F-4249-8D11-A0895E5E4A46}.Debug|Any CPU.Build.0 = Debug|Any CPU
		{CA37DDE1-819F-4249-8D11-A0895E5E4A46}.Release|Any CPU.ActiveCfg = Release|Any CPU
		{CA37DDE1-819F-4249-8D11-A0895E5E4A46}.Release|Any CPU.Build.0 = Release|Any CPU
		{136EA257-A8C7-4D02-86A4-4E4EBC20878E}.Debug|Any CPU.ActiveCfg = Debug|Any CPU
		{136EA257-A8C7-4D02-86A4-4E4EBC20878E}.Debug|Any CPU.Build.0 = Debug|Any CPU
		{136EA257-A8C7-4D02-86A4-4E4EBC20878E}.Release|Any CPU.ActiveCfg = Release|Any CPU
		{136EA257-A8C7-4D02-86A4-4E4EBC20878E}.Release|Any CPU.Build.0 = Release|Any CPU
	EndGlobalSection
	GlobalSection(SolutionProperties) = preSolution
		HideSolutionNode = FALSE
	EndGlobalSection
EndGlobal
